
Microsoft Visual Studio Solution File, Format Version 12.00
# Visual Studio Version 17
VisualStudioVersion = 17.7.34031.279
MinimumVisualStudioVersion = 10.0.40219.1
Project("{FAE04EC0-301F-11D3-BF4B-00C04F79EFBC}") = "odata client test", "odata client test\odata client test.csproj", "{8D586A13-1AEF-490B-9139-041A48D0E81B}"
EndProject
Global
	GlobalSection(SolutionConfigurationPlatforms) = preSolution
		Debug|Any CPU = Debug|Any CPU
		Release|Any CPU = Release|Any CPU
	EndGlobalSection
	GlobalSection(ProjectConfigurationPlatforms) = postSolution
		{8D586A13-1AEF-490B-9139-041A48D0E81B}.Debug|Any CPU.ActiveCfg = Debug|Any CPU
		{8D586A13-1AEF-490B-9139-041A48D0E81B}.Debug|Any CPU.Build.0 = Debug|Any CPU
		{8D586A13-1AEF-490B-9139-041A48D0E81B}.Release|Any CPU.ActiveCfg = Release|Any CPU
		{8D586A13-1AEF-490B-9139-041A48D0E81B}.Release|Any CPU.Build.0 = Release|Any CPU
	EndGlobalSection
	GlobalSection(SolutionProperties) = preSolution
		HideSolutionNode = FALSE
	EndGlobalSection
	GlobalSection(ExtensibilityGlobals) = postSolution
		SolutionGuid = {41C97166-0EF6-43E0-86C3-45F5D917A870}
	EndGlobalSection
EndGlobal
